
Microsoft Visual Studio Solution File, Format Version 12.00
# Visual Studio Version 17
VisualStudioVersion = 17.9.34701.34
MinimumVisualStudioVersion = 10.0.40219.1
Project("{FAE04EC0-301F-11D3-BF4B-00C04F79EFBC}") = "ThreadVsTask", "ThreadVsTask\ThreadVsTask.csproj", "{007A2E98-A224-42FA-B530-05B70131D68F}"
EndProject
Project("{FAE04EC0-301F-11D3-BF4B-00C04F79EFBC}") = "Semaphore", "Semaphore\Semaphore.csproj", "{36995F76-ABEF-4013-BFD7-E5F8582EA08B}"
EndProject
Project("{FAE04EC0-301F-11D3-BF4B-00C04F79EFBC}") = "Lock", "Mutex\Lock.csproj", "{3CA7A36F-77AE-41A2-BEF4-5EFC04FA98DD}"
EndProject
Project("{FAE04EC0-301F-11D3-BF4B-00C04F79EFBC}") = "Threads", "Threads\Threads.csproj", "{326E6D07-806C-4E85-A6CF-E5399265E3C2}"
EndProject
Project("{FAE04EC0-301F-11D3-BF4B-00C04F79EFBC}") = "SemaphorePart1", "SemaphorePart1\SemaphorePart1.csproj", "{0F3DE900-81D1-44CE-8712-8C4CFD795EDD}"
EndProject
Global
	GlobalSection(SolutionConfigurationPlatforms) = preSolution
		Debug|Any CPU = Debug|Any CPU
		Release|Any CPU = Release|Any CPU
	EndGlobalSection
	GlobalSection(ProjectConfigurationPlatforms) = postSolution
		{007A2E98-A224-42FA-B530-05B70131D68F}.Debug|Any CPU.ActiveCfg = Debug|Any CPU
		{007A2E98-A224-42FA-B530-05B70131D68F}.Debug|Any CPU.Build.0 = Debug|Any CPU
		{007A2E98-A224-42FA-B530-05B70131D68F}.Release|Any CPU.ActiveCfg = Release|Any CPU
		{007A2E98-A224-42FA-B530-05B70131D68F}.Release|Any CPU.Build.0 = Release|Any CPU
		{36995F76-ABEF-4013-BFD7-E5F8582EA08B}.Debug|Any CPU.ActiveCfg = Debug|Any CPU
		{36995F76-ABEF-4013-BFD7-E5F8582EA08B}.Debug|Any CPU.Build.0 = Debug|Any CPU
		{36995F76-ABEF-4013-BFD7-E5F8582EA08B}.Release|Any CPU.ActiveCfg = Release|Any CPU
		{36995F76-ABEF-4013-BFD7-E5F8582EA08B}.Release|Any CPU.Build.0 = Release|Any CPU
		{3CA7A36F-77AE-41A2-BEF4-5EFC04FA98DD}.Debug|Any CPU.ActiveCfg = Debug|Any CPU
		{3CA7A36F-77AE-41A2-BEF4-5EFC04FA98DD}.Debug|Any CPU.Build.0 = Debug|Any CPU
		{3CA7A36F-77AE-41A2-BEF4-5EFC04FA98DD}.Release|Any CPU.ActiveCfg = Release|Any CPU
		{3CA7A36F-77AE-41A2-BEF4-5EFC04FA98DD}.Release|Any CPU.Build.0 = Release|Any CPU
		{326E6D07-806C-4E85-A6CF-E5399265E3C2}.Debug|Any CPU.ActiveCfg = Debug|Any CPU
		{326E6D07-806C-4E85-A6CF-E5399265E3C2}.Debug|Any CPU.Build.0 = Debug|Any CPU
		{326E6D07-806C-4E85-A6CF-E5399265E3C2}.Release|Any CPU.ActiveCfg = Release|Any CPU
		{326E6D07-806C-4E85-A6CF-E5399265E3C2}.Release|Any CPU.Build.0 = Release|Any CPU
		{0F3DE900-81D1-44CE-8712-8C4CFD795EDD}.Debug|Any CPU.ActiveCfg = Debug|Any CPU
		{0F3DE900-81D1-44CE-8712-8C4CFD795EDD}.Debug|Any CPU.Build.0 = Debug|Any CPU
		{0F3DE900-81D1-44CE-8712-8C4CFD795EDD}.Release|Any CPU.ActiveCfg = Release|Any CPU
		{0F3DE900-81D1-44CE-8712-8C4CFD795EDD}.Release|Any CPU.Build.0 = Release|Any CPU
	EndGlobalSection
	GlobalSection(SolutionProperties) = preSolution
		HideSolutionNode = FALSE
	EndGlobalSection
	GlobalSection(ExtensibilityGlobals) = postSolution
		SolutionGuid = {1FCBB54A-4832-41B2-88C1-837A1D2DCEF4}
	EndGlobalSection
EndGlobal
